
Microsoft Visual Studio Solution File, Format Version 12.00
# Visual Studio Version 17
VisualStudioVersion = 17.13.35806.99 d17.13
MinimumVisualStudioVersion = 10.0.40219.1
Project("{FAE04EC0-301F-11D3-BF4B-00C04F79EFBC}") = "Core", "Core\Core.csproj", "{E47B5285-BE67-490A-8154-5A44255DEA52}"
EndProject
Project("{FAE04EC0-301F-11D3-BF4B-00C04F79EFBC}") = "Application", "Application\Application.csproj", "{397BAA8E-E236-40F0-960E-4F1F4429FAFC}"
EndProject
Project("{FAE04EC0-301F-11D3-BF4B-00C04F79EFBC}") = "Infrastucture", "Infrastucture\Infrastucture.csproj", "{1EB54CBE-97D2-4B76-BB85-64258DCB3A38}"
EndProject
Project("{FAE04EC0-301F-11D3-BF4B-00C04F79EFBC}") = "API", "API\API.csproj", "{DC70F5B5-6C19-4DC0-AFE1-A4A10CFACCA6}"
EndProject
Global
	GlobalSection(SolutionConfigurationPlatforms) = preSolution
		Debug|Any CPU = Debug|Any CPU
		Release|Any CPU = Release|Any CPU
	EndGlobalSection
	GlobalSection(ProjectConfigurationPlatforms) = postSolution
		{E47B5285-BE67-490A-8154-5A44255DEA52}.Debug|Any CPU.ActiveCfg = Debug|Any CPU
		{E47B5285-BE67-490A-8154-5A44255DEA52}.Debug|Any CPU.Build.0 = Debug|Any CPU
		{E47B5285-BE67-490A-8154-5A44255DEA52}.Release|Any CPU.ActiveCfg = Release|Any CPU
		{E47B5285-BE67-490A-8154-5A44255DEA52}.Release|Any CPU.Build.0 = Release|Any CPU
		{397BAA8E-E236-40F0-960E-4F1F4429FAFC}.Debug|Any CPU.ActiveCfg = Debug|Any CPU
		{397BAA8E-E236-40F0-960E-4F1F4429FAFC}.Debug|Any CPU.Build.0 = Debug|Any CPU
		{397BAA8E-E236-40F0-960E-4F1F4429FAFC}.Release|Any CPU.ActiveCfg = Release|Any CPU
		{397BAA8E-E236-40F0-960E-4F1F4429FAFC}.Release|Any CPU.Build.0 = Release|Any CPU
		{1EB54CBE-97D2-4B76-BB85-64258DCB3A38}.Debug|Any CPU.ActiveCfg = Debug|Any CPU
		{1EB54CBE-97D2-4B76-BB85-64258DCB3A38}.Debug|Any CPU.Build.0 = Debug|Any CPU
		{1EB54CBE-97D2-4B76-BB85-64258DCB3A38}.Release|Any CPU.ActiveCfg = Release|Any CPU
		{1EB54CBE-97D2-4B76-BB85-64258DCB3A38}.Release|Any CPU.Build.0 = Release|Any CPU
		{DC70F5B5-6C19-4DC0-AFE1-A4A10CFACCA6}.Debug|Any CPU.ActiveCfg = Debug|Any CPU
		{DC70F5B5-6C19-4DC0-AFE1-A4A10CFACCA6}.Debug|Any CPU.Build.0 = Debug|Any CPU
		{DC70F5B5-6C19-4DC0-AFE1-A4A10CFACCA6}.Release|Any CPU.ActiveCfg = Release|Any CPU
		{DC70F5B5-6C19-4DC0-AFE1-A4A10CFACCA6}.Release|Any CPU.Build.0 = Release|Any CPU
	EndGlobalSection
	GlobalSection(SolutionProperties) = preSolution
		HideSolutionNode = FALSE
	EndGlobalSection
	GlobalSection(ExtensibilityGlobals) = postSolution
		SolutionGuid = {ED5CA127-E3EE-4AF3-B877-973AAC8962C0}
	EndGlobalSection
EndGlobal
